
Microsoft Visual Studio Solution File, Format Version 12.00
# Visual Studio Version 17
VisualStudioVersion = 17.0.31423.177
MinimumVisualStudioVersion = 10.0.40219.1
Project("{FAE04EC0-301F-11D3-BF4B-00C04F79EFBC}") = "StrategyPattern", "StrategyPattern\StrategyPattern.csproj", "{0F11C427-1513-4400-BFD1-3B342004389D}"
EndProject
Global
	GlobalSection(SolutionConfigurationPlatforms) = preSolution
		Debug|Any CPU = Debug|Any CPU
		Release|Any CPU = Release|Any CPU
	EndGlobalSection
	GlobalSection(ProjectConfigurationPlatforms) = postSolution
		{0F11C427-1513-4400-BFD1-3B342004389D}.Debug|Any CPU.ActiveCfg = Debug|Any CPU
		{0F11C427-1513-4400-BFD1-3B342004389D}.Debug|Any CPU.Build.0 = Debug|Any CPU
		{0F11C427-1513-4400-BFD1-3B342004389D}.Release|Any CPU.ActiveCfg = Release|Any CPU
		{0F11C427-1513-4400-BFD1-3B342004389D}.Release|Any CPU.Build.0 = Release|Any CPU
	EndGlobalSection
	GlobalSection(SolutionProperties) = preSolution
		HideSolutionNode = FALSE
	EndGlobalSection
	GlobalSection(ExtensibilityGlobals) = postSolution
		SolutionGuid = {AC220435-B61F-404F-A00A-6AFD92CB80A2}
	EndGlobalSection
EndGlobal
